dependencies:
  espressif/bdc_motor:
    component_hash: 9292b605cfd390ff62225caa93e02700b86377e6a3156620192e4876dcf87b27
    source:
      service_url: https://api.components.espressif.com/
      type: service
    version: 0.1.0
  espressif/button:
    component_hash: 72544fdc7abb92ee95e5169a76f8c501218e6ce78fe78136b1d1d619da06ad84
    source:
      service_url: https://api.components.espressif.com/
      type: service
    version: 3.1.1
  espressif/cmake_utilities:
    component_hash: c3f351bed6fdb3d91bee6076740cb13d22e2c7bfcdd78969a65b46943885bbd4
    source:
      service_url: https://api.components.espressif.com/
      type: service
    version: 0.5.2
  espressif/led_indicator:
    component_hash: a05b3bde8b5ccb660e858769e0fd83b35726b474fcd29e097077b54c4b126a69
    source:
      service_url: https://api.components.espressif.com/
      type: service
    version: 0.5.1
  idf:
    component_hash: null
    source:
      type: idf
    version: 5.1.1
manifest_hash: 3a40b6ab803d7827e5609a420f3f237c1ce53a35f932187004b2c27f8da4e1e2
target: esp32
version: 1.0.0
